# This file is automatically @generated by Poetry 2.1.3 and should not be changed by hand.

[[package]]
name = "dotenv"
version = "0.9.9"
description = "Deprecated package"
optional = false
python-versions = "*"
groups = ["main"]
files = [
    {file = "dotenv-0.9.9-py2.py3-none-any.whl", hash = "sha256:29cf74a087b31dafdb5a446b6d7e11cbce8ed2741540e2339c69fbef92c94ce9"},
]

[package.dependencies]
python-dotenv = "*"

[[package]]
name = "libigl"
version = "2.6.1"
description = "libigl: A simple C++ geometry processing library"
optional = false
python-versions = ">=3.8"
groups = ["main"]
files = [
    {file = "libigl-2.6.1-cp310-cp310-macosx_10_15_x86_64.whl", hash = "sha256:9b3c4920b065c984ba0b803924d43e4009ecdd756ec9f2f0d43ad8113a2f85aa"},
    {file = "libigl-2.6.1-cp310-cp310-macosx_11_0_arm64.whl", hash = "sha256:d6484317fce9da8451301b24cbb71149e2f93affe2da8515f7391eb198ad9146"},
    {file = "libigl-2.6.1-cp310-cp310-manylinux_2_27_aarch64.manylinux_2_28_aarch64.whl", hash = "sha256:30d273ae723f3bd74dde961d2ee89b3f52591c0b711ba0911224873daf356bd9"},
    {file = "libigl-2.6.1-cp310-cp310-manylinux_2_27_x86_64.manylinux_2_28_x86_64.whl", hash = "sha256:411a79dcab26764e6ab84c33d4d3b24e1e94ed5018dde8f1beb2fb7313003ea4"},
    {file = "libigl-2.6.1-cp310-cp310-win_amd64.whl", hash = "sha256:7d20ae9c0f3b324787534fc01af72dcb4bb9285da2fcf937c0caf951e742dab7"},
    {file = "libigl-2.6.1-cp311-cp311-macosx_10_15_x86_64.whl", hash = "sha256:fec058d19838e8d2824f5aabe649c05cc123a8480f3ca4643d991632ee1295f7"},
    {file = "libigl-2.6.1-cp311-cp311-macosx_11_0_arm64.whl", hash = "sha256:65bbb69b333491a4200789f4a04e4b562a8455bc5ed96b759de154cf7b226633"},
    {file = "libigl-2.6.1-cp311-cp311-manylinux_2_27_aarch64.manylinux_2_28_aarch64.whl", hash = "sha256:b3020b6bba54d75d5dae7fd4429223fe1969097a5ac5d05440c6130fdadebbc3"},
    {file = "libigl-2.6.1-cp311-cp311-manylinux_2_27_x86_64.manylinux_2_28_x86_64.whl", hash = "sha256:25697bfbea20957d9b7ae9abff95a560297b33bf92ba255b8a8f1b8990c0fcbb"},
    {file = "libigl-2.6.1-cp311-cp311-win_amd64.whl", hash = "sha256:1e3dc3cdbbce5c700a7f804173af42a62ca55e3690d5054edb7b4102a6e22ceb"},
    {file = "libigl-2.6.1-cp312-abi3-macosx_10_15_x86_64.whl", hash = "sha256:d6f6df46a8534996cc4b641047e94a5c4107b957612e2b29f0fceb43e3a69c7a"},
    {file = "libigl-2.6.1-cp312-abi3-macosx_11_0_arm64.whl", hash = "sha256:90e60d769d885d0e64c66ff9cd293c112a0de8ede28840ed1c5bc522680f51ef"},
    {file = "libigl-2.6.1-cp312-abi3-manylinux_2_27_aarch64.manylinux_2_28_aarch64.whl", hash = "sha256:279db1c84cd957ff29ab1defd794383f68bdb5f49f893a06bf90c68f30a271a7"},
    {file = "libigl-2.6.1-cp312-abi3-manylinux_2_27_x86_64.manylinux_2_28_x86_64.whl", hash = "sha256:8fd48f867663df7fd052444c10eb1fa1c303acc86e4016067972b4aab0ae4588"},
    {file = "libigl-2.6.1-cp312-abi3-win_amd64.whl", hash = "sha256:9d0516ab8d90b2889e7274b91eb518ec66ec5d7c0bbbbd0be7da0345b682214e"},
    {file = "libigl-2.6.1-cp38-cp38-manylinux_2_27_aarch64.manylinux_2_28_aarch64.whl", hash = "sha256:033038ffbab95a986c213188d020ce57b094deff8288cca776866b93de23577e"},
    {file = "libigl-2.6.1-cp38-cp38-manylinux_2_27_x86_64.manylinux_2_28_x86_64.whl", hash = "sha256:2db5941e0e972af5638f7dfc13ea0e3ebbd6e8c49d6b1c982838c179e8f9b32d"},
    {file = "libigl-2.6.1-cp38-cp38-win_amd64.whl", hash = "sha256:dc4f6a094429f3ceaa4df2b73b3fbbc450f8886de1f9df7872db032fbe3c28f7"},
    {file = "libigl-2.6.1-cp39-cp39-macosx_10_15_x86_64.whl", hash = "sha256:e1be8e277d5f1722ffd2c89c60569486140147c49ef480a161545b7cd2d55922"},
    {file = "libigl-2.6.1-cp39-cp39-macosx_11_0_arm64.whl", hash = "sha256:278a57131c0205950befee54b9732415ebbc9c8203f55562730d6de8e9df1632"},
    {file = "libigl-2.6.1-cp39-cp39-manylinux_2_27_aarch64.manylinux_2_28_aarch64.whl", hash = "sha256:4572c9beeb9c900d54b6b4c389fd0af0f010daf2c2b58f3d304dcedfbc17e406"},
    {file = "libigl-2.6.1-cp39-cp39-manylinux_2_27_x86_64.manylinux_2_28_x86_64.whl", hash = "sha256:2090a439d0c6363fe1213cf64fee7d29a8bca22f6fa60d2a3dd8388654b800ce"},
    {file = "libigl-2.6.1-cp39-cp39-win_amd64.whl", hash = "sha256:d944b806edb21e8d9b339966afedab17d78e6b364d0bd6fd091cbd66f190fc74"},
    {file = "libigl-2.6.1.tar.gz", hash = "sha256:2d2694ac28b4b6f0f9d00ee6135d3db914bd1233f393c316293289da462eb996"},
]

[package.dependencies]
numpy = "*"
scipy = "*"

[[package]]
name = "manifold3d"
version = "3.2.1"
description = "Library for geometric robustness"
optional = false
python-versions = ">=3.8"
groups = ["main"]
files = [
    {file = "manifold3d-3.2.1-cp310-cp310-macosx_10_14_universal2.whl", hash = "sha256:8f8163bf4aa221fb3d23ca9e2f56431219f598e2ba24df8ea26e12d143cbec71"},
    {file = "manifold3d-3.2.1-cp310-cp310-macosx_10_14_x86_64.whl", hash = "sha256:0108c083b2758aebce2ac2fc29fb29f46289d558844b21e4744a1d577a97bae5"},
    {file = "manifold3d-3.2.1-cp310-cp310-macosx_11_0_arm64.whl", hash = "sha256:44efc6e00222c8c7b85b61c3d034eed1409fd7e62f080c9464318f262332566b"},
    {file = "manifold3d-3.2.1-cp310-cp310-manylinux_2_17_aarch64.manylinux2014_aarch64.whl", hash = "sha256:f82288f99fab708f3e40b423b4192ce8ff089f39e3d2c0cf4fca26fcbd551fb9"},
    {file = "manifold3d-3.2.1-cp310-cp310-manylinux_2_27_x86_64.manylinux_2_28_x86_64.whl", hash = "sha256:c15af55290bdb8637fb7140707a8814c387825b66174a1da9488eff6433f36b3"},
    {file = "manifold3d-3.2.1-cp310-cp310-win_amd64.whl", hash = "sha256:5aa6fb650dd70d6963e361f3ed36cf5b2ebe6043205f6a8b339598421f3657ec"},
    {file = "manifold3d-3.2.1-cp311-cp311-macosx_10_14_universal2.whl", hash = "sha256:b13c7aa3d5501eed2edbd749f6f73583fdec0059cb43cbd5c51408f15fc35ee1"},
    {file = "manifold3d-3.2.1-cp311-cp311-macosx_10_14_x86_64.whl", hash = "sha256:8b1365525bc29611f895311d2aa3edc0e310cd597d2459b8a98a03d853467cb6"},
    {file = "manifold3d-3.2.1-cp311-cp311-macosx_11_0_arm64.whl", hash = "sha256:aa1afee319af785d064a524a29521c84dab15e1c6a0302f93fd5865e0eb2e171"},
    {file = "manifold3d-3.2.1-cp311-cp311-manylinux_2_17_aarch64.manylinux2014_aarch64.whl", hash = "sha256:86e7eb06b36510c20b820dd87adad3dcf73be8b2452c91a92e082fe585f6631c"},
    {file = "manifold3d-3.2.1-cp311-cp311-manylinux_2_27_x86_64.manylinux_2_28_x86_64.whl", hash = "sha256:218fc3abf3654045dc6a413774531cfbe33eef4eb87f2fe2238523042fe170bb"},
    {file = "manifold3d-3.2.1-cp311-cp311-win_amd64.whl", hash = "sha256:a1bbd3527e5adf8177e1bdf6f4ba6cc5ae88cb513615703226ce058a583affee"},
    {file = "manifold3d-3.2.1-cp312-cp312-macosx_10_14_universal2.whl", hash = "sha256:8c579285f745386b1cdcb9ef643fbf6e848822ffa6b1d626b3229b2b48fa5244"},
    {file = "manifold3d-3.2.1-cp312-cp312-macosx_10_14_x86_64.whl", hash = "sha256:4d6f8dad9b9093e64650c6557e35bd2c8d1bf60ca389ceb267ebf6ed981c0364"},
    {file = "manifold3d-3.2.1-cp312-cp312-macosx_11_0_arm64.whl", hash = "sha256:cabf2a04d10a7496c528fdbd0726afbf9b47d452782b05935e2cf14bd564fe57"},
    {file = "manifold3d-3.2.1-cp312-cp312-manylinux_2_17_aarch64.manylinux2014_aarch64.whl", hash = "sha256:c96a9697617118d7148e7bac829ab31848dd1f1c776a3cc514da6032dad4e815"},
    {file = "manifold3d-3.2.1-cp312-cp312-manylinux_2_27_x86_64.manylinux_2_28_x86_64.whl", hash = "sha256:97980907caf39be40a9b3cf1a810abe3f51b134461652dc39d8dc3c7d29e838a"},
    {file = "manifold3d-3.2.1-cp312-cp312-win_amd64.whl", hash = "sha256:47303224614e9faa457137a696b8b5d3490eed5855469eefcb65ff3ebd325680"},
    {file = "manifold3d-3.2.1-cp313-cp313-macosx_10_14_universal2.whl", hash = "sha256:aa82bb6036f87c9e18b25b4e34c83f302160cb789ff6006efe7e06826646ae89"},
    {file = "manifold3d-3.2.1-cp313-cp313-macosx_10_14_x86_64.whl", hash = "sha256:6e8988244e27ddc5220d3987b9f5fef7ea4649a034bde44f5e4a5b0128b93732"},
    {file = "manifold3d-3.2.1-cp313-cp313-macosx_11_0_arm64.whl", hash = "sha256:ed7694845adbcc28da8578aad6bbefa14c11850ce5c0ad69fea53655992ca8e3"},
    {file = "manifold3d-3.2.1-cp313-cp313-manylinux_2_17_aarch64.manylinux2014_aarch64.whl", hash = "sha256:37c0b21dc22dfaeac35af406ec5a36c3242c4ff7f6d141b77f36c4be0c11b7af"},
    {file = "manifold3d-3.2.1-cp313-cp313-manylinux_2_27_x86_64.manylinux_2_28_x86_64.whl", hash = "sha256:7472626f6726697da756e6c8b7cb9bd1bf334427b8572c97d5d2096d7f32759f"},
    {file = "manifold3d-3.2.1-cp313-cp313-win_amd64.whl", hash = "sha256:54ea9f4f26c26259eb865de12ae26de84887547d21352a0d63abeb3778a60112"},
    {file = "manifold3d-3.2.1-cp38-cp38-macosx_10_14_universal2.whl", hash = "sha256:d8a7c352e9523622d8b89eed3fd047be7e23d63465e57006109f601b737a3546"},
    {file = "manifold3d-3.2.1-cp38-cp38-macosx_10_14_x86_64.whl", hash = "sha256:de93cc1bbcd329ac042b7fb3e77a355cf1520c6196b24b944a46298751f027ea"},
    {file = "manifold3d-3.2.1-cp38-cp38-macosx_11_0_arm64.whl", hash = "sha256:f4d6182858f2e78fc3f49fec89d11948ba3fa5b244c5238513913916c1c6b304"},
    {file = "manifold3d-3.2.1-cp38-cp38-manylinux_2_17_aarch64.manylinux2014_aarch64.whl", hash = "sha256:27b33733bf672797b363fdde5d0949b7c480c43771ec6382001d0cb66b55c132"},
    {file = "manifold3d-3.2.1-cp38-cp38-manylinux_2_27_x86_64.manylinux_2_28_x86_64.whl", hash = "sha256:c0c56a56c45b27c5089d5dfed3e1396347892b1d3df9371e81fdcc6253e1f8c3"},
    {file = "manifold3d-3.2.1-cp38-cp38-win_amd64.whl", hash = "sha256:873227486017b4dc9db48f5c6613e92df2409ed77ad307bfe3b67104a88420d8"},
    {file = "manifold3d-3.2.1-cp39-cp39-macosx_10_14_universal2.whl", hash = "sha256:4ba4d062c74a33f35cf951c19a57a3bb642ef97b1d75257dbf6e6de2952e0daf"},
    {file = "manifold3d-3.2.1-cp39-cp39-macosx_10_14_x86_64.whl", hash = "sha256:ef3ecd66978648f00ad8455ae8a2d55ef1df6744989359db3608add94a42b8f0"},
    {file = "manifold3d-3.2.1-cp39-cp39-macosx_11_0_arm64.whl", hash = "sha256:a477f3a48e7d3e96dccdb63f3b7bd9e302e2e3f000067c1decba8f4bcb6e97f7"},
    {file = "manifold3d-3.2.1-cp39-cp39-manylinux_2_17_aarch64.manylinux2014_aarch64.whl", hash = "sha256:a1c7063ffc5ab29d26abb19f559d2860521d64ae35118fa5a27d3b0cab52c36b"},
    {file = "manifold3d-3.2.1-cp39-cp39-manylinux_2_27_x86_64.manylinux_2_28_x86_64.whl", hash = "sha256:3f3f4da6e70909637b742b1c2d4cd13cbf480fbdc5ec051fd1c38263a1e8e972"},
    {file = "manifold3d-3.2.1-cp39-cp39-win_amd64.whl", hash = "sha256:25dd8226537ada2e410e6bb8c04cc692924efe4a139618f3eab00f8c582e4b80"},
    {file = "manifold3d-3.2.1.tar.gz", hash = "sha256:d2e6b90a9a95e1649d29ca85057dee39d60564c25a045a092c0e05f1b1fdd8b4"},
]

[package.dependencies]
numpy = [
    {version = "*", markers = "python_version < \"3.12\""},
    {version = ">=1.26.0b1", markers = "python_version >= \"3.12\""},
]

[[package]]
name = "networkx"
version = "3.5"
description = "Python package for creating and manipulating graphs and networks"
optional = false
python-versions = ">=3.11"
groups = ["main"]
files = [
    {file = "networkx-3.5-py3-none-any.whl", hash = "sha256:0030d386a9a06dee3565298b4a734b68589749a544acbb6c412dc9e2489ec6ec"},
    {file = "networkx-3.5.tar.gz", hash = "sha256:d4c6f9cf81f52d69230866796b82afbccdec3db7ae4fbd1b65ea750feed50037"},
]

[package.extras]
default = ["matplotlib (>=3.8)", "numpy (>=1.25)", "pandas (>=2.0)", "scipy (>=1.11.2)"]
developer = ["mypy (>=1.15)", "pre-commit (>=4.1)"]
doc = ["intersphinx-registry", "myst-nb (>=1.1)", "numpydoc (>=1.8.0)", "pillow (>=10)", "pydata-sphinx-theme (>=0.16)", "sphinx (>=8.0)", "sphinx-gallery (>=0.18)", "texext (>=0.6.7)"]
example = ["cairocffi (>=1.7)", "contextily (>=1.6)", "igraph (>=0.11)", "momepy (>=0.7.2)", "osmnx (>=2.0.0)", "scikit-learn (>=1.5)", "seaborn (>=0.13)"]
extra = ["lxml (>=4.6)", "pydot (>=3.0.1)", "pygraphviz (>=1.14)", "sympy (>=1.10)"]
test = ["pytest (>=7.2)", "pytest-cov (>=4.0)", "pytest-xdist (>=3.0)"]
test-extras = ["pytest-mpl", "pytest-randomly"]

[[package]]
name = "numpy"
version = "2.3.3"
description = "Fundamental package for array computing in Python"
optional = false
python-versions = ">=3.11"
groups = ["main"]
files = [
    {file = "numpy-2.3.3-cp311-cp311-macosx_10_9_x86_64.whl", hash = "sha256:0ffc4f5caba7dfcbe944ed674b7eef683c7e94874046454bb79ed7ee0236f59d"},
    {file = "numpy-2.3.3-cp311-cp311-macosx_11_0_arm64.whl", hash = "sha256:e7e946c7170858a0295f79a60214424caac2ffdb0063d4d79cb681f9aa0aa569"},
    {file = "numpy-2.3.3-cp311-cp311-macosx_14_0_arm64.whl", hash = "sha256:cd4260f64bc794c3390a63bf0728220dd1a68170c169088a1e0dfa2fde1be12f"},
    {file = "numpy-2.3.3-cp311-cp311-macosx_14_0_x86_64.whl", hash = "sha256:f0ddb4b96a87b6728df9362135e764eac3cfa674499943ebc44ce96c478ab125"},
    {file = "numpy-2.3.3-cp311-cp311-manylinux_2_27_aarch64.manylinux_2_28_aarch64.whl", hash = "sha256:afd07d377f478344ec6ca2b8d4ca08ae8bd44706763d1efb56397de606393f48"},
    {file = "numpy-2.3.3-cp311-cp311-manylinux_2_27_x86_64.manylinux_2_28_x86_64.whl", hash = "sha256:bc92a5dedcc53857249ca51ef29f5e5f2f8c513e22cfb90faeb20343b8c6f7a6"},
    {file = "numpy-2.3.3-cp311-cp311-musllinux_1_2_aarch64.whl", hash = "sha256:7af05ed4dc19f308e1d9fc759f36f21921eb7bbfc82843eeec6b2a2863a0aefa"},
    {file = "numpy-2.3.3-cp311-cp311-musllinux_1_2_x86_64.whl", hash = "sha256:433bf137e338677cebdd5beac0199ac84712ad9d630b74eceeb759eaa45ddf30"},
    {file = "numpy-2.3.3-cp311-cp311-win32.whl", hash = "sha256:eb63d443d7b4ffd1e873f8155260d7f58e7e4b095961b01c91062935c2491e57"},
    {file = "numpy-2.3.3-cp311-cp311-win_amd64.whl", hash = "sha256:ec9d249840f6a565f58d8f913bccac2444235025bbb13e9a4681783572ee3caa"},
    {file = "numpy-2.3.3-cp311-cp311-win_arm64.whl", hash = "sha256:74c2a948d02f88c11a3c075d9733f1ae67d97c6bdb97f2bb542f980458b257e7"},
    {file = "numpy-2.3.3-cp312-cp312-macosx_10_13_x86_64.whl", hash = "sha256:cfdd09f9c84a1a934cde1eec2267f0a43a7cd44b2cca4ff95b7c0d14d144b0bf"},
    {file = "numpy-2.3.3-cp312-cp312-macosx_11_0_arm64.whl", hash = "sha256:cb32e3cf0f762aee47ad1ddc6672988f7f27045b0783c887190545baba73aa25"},
    {file = "numpy-2.3.3-cp312-cp312-macosx_14_0_arm64.whl", hash = "sha256:396b254daeb0a57b1fe0ecb5e3cff6fa79a380fa97c8f7781a6d08cd429418fe"},
    {file = "numpy-2.3.3-cp312-cp312-macosx_14_0_x86_64.whl", hash = "sha256:067e3d7159a5d8f8a0b46ee11148fc35ca9b21f61e3c49fbd0a027450e65a33b"},
    {file = "numpy-2.3.3-cp312-cp312-manylinux_2_27_aarch64.manylinux_2_28_aarch64.whl", hash = "sha256:1c02d0629d25d426585fb2e45a66154081b9fa677bc92a881ff1d216bc9919a8"},
    {file = "numpy-2.3.3-cp312-cp312-manylinux_2_27_x86_64.manylinux_2_28_x86_64.whl", hash = "sha256:d9192da52b9745f7f0766531dcfa978b7763916f158bb63bdb8a1eca0068ab20"},
    {file = "numpy-2.3.3-cp312-cp312-musllinux_1_2_aarch64.whl", hash = "sha256:cd7de500a5b66319db419dc3c345244404a164beae0d0937283b907d8152e6ea"},
    {file = "numpy-2.3.3-cp312-cp312-musllinux_1_2_x86_64.whl", hash = "sha256:93d4962d8f82af58f0b2eb85daaf1b3ca23fe0a85d0be8f1f2b7bb46034e56d7"},
    {file = "numpy-2.3.3-cp312-cp312-win32.whl", hash = "sha256:5534ed6b92f9b7dca6c0a19d6df12d41c68b991cef051d108f6dbff3babc4ebf"},
    {file = "numpy-2.3.3-cp312-cp312-win_amd64.whl", hash = "sha256:497d7cad08e7092dba36e3d296fe4c97708c93daf26643a1ae4b03f6294d30eb"},
    {file = "numpy-2.3.3-cp312-cp312-win_arm64.whl", hash = "sha256:ca0309a18d4dfea6fc6262a66d06c26cfe4640c3926ceec90e57791a82b6eee5"},
    {file = "numpy-2.3.3-cp313-cp313-macosx_10_13_x86_64.whl", hash = "sha256:f5415fb78995644253370985342cd03572ef8620b934da27d77377a2285955bf"},
    {file = "numpy-2.3.3-cp313-cp313-macosx_11_0_arm64.whl", hash = "sha256:d00de139a3324e26ed5b95870ce63be7ec7352171bc69a4cf1f157a48e3eb6b7"},
    {file = "numpy-2.3.3-cp313-cp313-macosx_14_0_arm64.whl", hash = "sha256:9dc13c6a5829610cc07422bc74d3ac083bd8323f14e2827d992f9e52e22cd6a6"},
    {file = "numpy-2.3.3-cp313-cp313-macosx_14_0_x86_64.whl", hash = "sha256:d79715d95f1894771eb4e60fb23f065663b2298f7d22945d66877aadf33d00c7"},
    {file = "numpy-2.3.3-cp313-cp313-manylinux_2_27_aarch64.manylinux_2_28_aarch64.whl", hash = "sha256:952cfd0748514ea7c3afc729a0fc639e61655ce4c55ab9acfab14bda4f402b4c"},
    {file = "numpy-2.3.3-cp313-cp313-manylinux_2_27_x86_64.manylinux_2_28_x86_64.whl", hash = "sha256:5b83648633d46f77039c29078751f80da65aa64d5622a3cd62aaef9d835b6c93"},
    {file = "numpy-2.3.3-cp313-cp313-musllinux_1_2_aarch64.whl", hash = "sha256:b001bae8cea1c7dfdb2ae2b017ed0a6f2102d7a70059df1e338e307a4c78a8ae"},
    {file = "numpy-2.3.3-cp313-cp313-musllinux_1_2_x86_64.whl", hash = "sha256:8e9aced64054739037d42fb84c54dd38b81ee238816c948c8f3ed134665dcd86"},
    {file = "numpy-2.3.3-cp313-cp313-win32.whl", hash = "sha256:9591e1221db3f37751e6442850429b3aabf7026d3b05542d102944ca7f00c8a8"},
    {file = "numpy-2.3.3-cp313-cp313-win_amd64.whl", hash = "sha256:f0dadeb302887f07431910f67a14d57209ed91130be0adea2f9793f1a4f817cf"},
    {file = "numpy-2.3.3-cp313-cp313-win_arm64.whl", hash = "sha256:3c7cf302ac6e0b76a64c4aecf1a09e51abd9b01fc7feee80f6c43e3ab1b1dbc5"},
    {file = "numpy-2.3.3-cp313-cp313t-macosx_10_13_x86_64.whl", hash = "sha256:eda59e44957d272846bb407aad19f89dc6f58fecf3504bd144f4c5cf81a7eacc"},
    {file = "numpy-2.3.3-cp313-cp313t-macosx_11_0_arm64.whl", hash = "sha256:823d04112bc85ef5c4fda73ba24e6096c8f869931405a80aa8b0e604510a26bc"},
    {file = "numpy-2.3.3-cp313-cp313t-macosx_14_0_arm64.whl", hash = "sha256:40051003e03db4041aa325da2a0971ba41cf65714e65d296397cc0e32de6018b"},
    {file = "numpy-2.3.3-cp313-cp313t-macosx_14_0_x86_64.whl", hash = "sha256:6ee9086235dd6ab7ae75aba5662f582a81ced49f0f1c6de4260a78d8f2d91a19"},
    {file = "numpy-2.3.3-cp313-cp313t-manylinux_2_27_aarch64.manylinux_2_28_aarch64.whl", hash = "sha256:94fcaa68757c3e2e668ddadeaa86ab05499a70725811e582b6a9858dd472fb30"},
    {file = "numpy-2.3.3-cp313-cp313t-manylinux_2_27_x86_64.manylinux_2_28_x86_64.whl", hash = "sha256:da1a74b90e7483d6ce5244053399a614b1d6b7bc30a60d2f570e5071f8959d3e"},
    {file = "numpy-2.3.3-cp313-cp313t-musllinux_1_2_aarch64.whl", hash = "sha256:2990adf06d1ecee3b3dcbb4977dfab6e9f09807598d647f04d385d29e7a3c3d3"},
    {file = "numpy-2.3.3-cp313-cp313t-musllinux_1_2_x86_64.whl", hash = "sha256:ed635ff692483b8e3f0fcaa8e7eb8a75ee71aa6d975388224f70821421800cea"},
    {file = "numpy-2.3.3-cp313-cp313t-win32.whl", hash = "sha256:a333b4ed33d8dc2b373cc955ca57babc00cd6f9009991d9edc5ddbc1bac36bcd"},
    {file = "numpy-2.3.3-cp313-cp313t-win_amd64.whl", hash = "sha256:4384a169c4d8f97195980815d6fcad04933a7e1ab3b530921c3fef7a1c63426d"},
    {file = "numpy-2.3.3-cp313-cp313t-win_arm64.whl", hash = "sha256:75370986cc0bc66f4ce5110ad35aae6d182cc4ce6433c40ad151f53690130bf1"},
    {file = "numpy-2.3.3-cp314-cp314-macosx_10_13_x86_64.whl", hash = "sha256:cd052f1fa6a78dee696b58a914b7229ecfa41f0a6d96dc663c1220a55e137593"},
    {file = "numpy-2.3.3-cp314-cp314-macosx_11_0_arm64.whl", hash = "sha256:414a97499480067d305fcac9716c29cf4d0d76db6ebf0bf3cbce666677f12652"},
    {file = "numpy-2.3.3-cp314-cp314-macosx_14_0_arm64.whl", hash = "sha256:50a5fe69f135f88a2be9b6ca0481a68a136f6febe1916e4920e12f1a34e708a7"},
    {file = "numpy-2.3.3-cp314-cp314-macosx_14_0_x86_64.whl", hash = "sha256:b912f2ed2b67a129e6a601e9d93d4fa37bef67e54cac442a2f588a54afe5c67a"},
    {file = "numpy-2.3.3-cp314-cp314-manylinux_2_27_aarch64.manylinux_2_28_aarch64.whl", hash = "sha256:9e318ee0596d76d4cb3d78535dc005fa60e5ea348cd131a51e99d0bdbe0b54fe"},
    {file = "numpy-2.3.3-cp314-cp314-manylinux_2_27_x86_64.manylinux_2_28_x86_64.whl", hash = "sha256:ce020080e4a52426202bdb6f7691c65bb55e49f261f31a8f506c9f6bc7450421"},
    {file = "numpy-2.3.3-cp314-cp314-musllinux_1_2_aarch64.whl", hash = "sha256:e6687dc183aa55dae4a705b35f9c0f8cb178bcaa2f029b241ac5356221d5c021"},
    {file = "numpy-2.3.3-cp314-cp314-musllinux_1_2_x86_64.whl", hash = "sha256:d8f3b1080782469fdc1718c4ed1d22549b5fb12af0d57d35e992158a772a37cf"},
    {file = "numpy-2.3.3-cp314-cp314-win32.whl", hash = "sha256:cb248499b0bc3be66ebd6578b83e5acacf1d6cb2a77f2248ce0e40fbec5a76d0"},
    {file = "numpy-2.3.3-cp314-cp314-win_amd64.whl", hash = "sha256:691808c2b26b0f002a032c73255d0bd89751425f379f7bcd22d140db593a96e8"},
    {file = "numpy-2.3.3-cp314-cp314-win_arm64.whl", hash = "sha256:9ad12e976ca7b10f1774b03615a2a4bab8addce37ecc77394d8e986927dc0dfe"},
    {file = "numpy-2.3.3-cp314-cp314t-macosx_10_13_x86_64.whl", hash = "sha256:9cc48e09feb11e1db00b320e9d30a4151f7369afb96bd0e48d942d09da3a0d00"},
    {file = "numpy-2.3.3-cp314-cp314t-macosx_11_0_arm64.whl", hash = "sha256:901bf6123879b7f251d3631967fd574690734236075082078e0571977c6a8e6a"},
    {file = "numpy-2.3.3-cp314-cp314t-macosx_14_0_arm64.whl", hash = "sha256:7f025652034199c301049296b59fa7d52c7e625017cae4c75d8662e377bf487d"},
    {file = "numpy-2.3.3-cp314-cp314t-macosx_14_0_x86_64.whl", hash = "sha256:533ca5f6d325c80b6007d4d7fb1984c303553534191024ec6a524a4c92a5935a"},
    {file = "numpy-2.3.3-cp314-cp314t-manylinux_2_27_aarch64.manylinux_2_28_aarch64.whl", hash = "sha256:0edd58682a399824633b66885d699d7de982800053acf20be1eaa46d92009c54"},
    {file = "numpy-2.3.3-cp314-cp314t-manylinux_2_27_x86_64.manylinux_2_28_x86_64.whl", hash = "sha256:367ad5d8fbec5d9296d18478804a530f1191e24ab4d75ab408346ae88045d25e"},
    {file = "numpy-2.3.3-cp314-cp314t-musllinux_1_2_aarch64.whl", hash = "sha256:8f6ac61a217437946a1fa48d24c47c91a0c4f725237871117dea264982128097"},
    {file = "numpy-2.3.3-cp314-cp314t-musllinux_1_2_x86_64.whl", hash = "sha256:179a42101b845a816d464b6fe9a845dfaf308fdfc7925387195570789bb2c970"},
    {file = "numpy-2.3.3-cp314-cp314t-win32.whl", hash = "sha256:1250c5d3d2562ec4174bce2e3a1523041595f9b651065e4a4473f5f48a6bc8a5"},
    {file = "numpy-2.3.3-cp314-cp314t-win_amd64.whl", hash = "sha256:b37a0b2e5935409daebe82c1e42274d30d9dd355852529eab91dab8dcca7419f"},
    {file = "numpy-2.3.3-cp314-cp314t-win_arm64.whl", hash = "sha256:78c9f6560dc7e6b3990e32df7ea1a50bbd0e2a111e05209963f5ddcab7073b0b"},
    {file = "numpy-2.3.3-pp311-pypy311_pp73-macosx_10_15_x86_64.whl", hash = "sha256:1e02c7159791cd481e1e6d5ddd766b62a4d5acf8df4d4d1afe35ee9c5c33a41e"},
    {file = "numpy-2.3.3-pp311-pypy311_pp73-macosx_11_0_arm64.whl", hash = "sha256:dca2d0fc80b3893ae72197b39f69d55a3cd8b17ea1b50aa4c62de82419936150"},
    {file = "numpy-2.3.3-pp311-pypy311_pp73-macosx_14_0_arm64.whl", hash = "sha256:99683cbe0658f8271b333a1b1b4bb3173750ad59c0c61f5bbdc5b318918fffe3"},
    {file = "numpy-2.3.3-pp311-pypy311_pp73-macosx_14_0_x86_64.whl", hash = "sha256:d9d537a39cc9de668e5cd0e25affb17aec17b577c6b3ae8a3d866b479fbe88d0"},
    {file = "numpy-2.3.3-pp311-pypy311_pp73-manylinux_2_27_aarch64.manylinux_2_28_aarch64.whl", hash = "sha256:8596ba2f8af5f93b01d97563832686d20206d303024777f6dfc2e7c7c3f1850e"},
    {file = "numpy-2.3.3-pp311-pypy311_pp73-manylinux_2_27_x86_64.manylinux_2_28_x86_64.whl", hash = "sha256:e1ec5615b05369925bd1125f27df33f3b6c8bc10d788d5999ecd8769a1fa04db"},
    {file = "numpy-2.3.3-pp311-pypy311_pp73-win_amd64.whl", hash = "sha256:2e267c7da5bf7309670523896df97f93f6e469fb931161f483cd6882b3b1a5dc"},
    {file = "numpy-2.3.3.tar.gz", hash = "sha256:ddc7c39727ba62b80dfdbedf400d1c10ddfa8eefbd7ec8dcb118be8b56d31029"},
]

[[package]]
name = "packaging"
version = "25.0"
description = "Core utilities for Python packages"
optional = false
python-versions = ">=3.8"
groups = ["main"]
files = [
    {file = "packaging-25.0-py3-none-any.whl", hash = "sha256:29572ef2b1f17581046b3a2227d5c611fb25ec70ca1ba8554b24b0e69331a484"},
    {file = "packaging-25.0.tar.gz", hash = "sha256:d443872c98d677bf60f6a1f2f8c1cb748e8fe762d2bf9d3148b5599295b0fc4f"},
]

[[package]]
name = "pyside6"
version = "6.9.3"
description = "Python bindings for the Qt cross-platform application and UI framework"
optional = false
python-versions = "<3.14,>=3.9"
groups = ["main"]
files = [
    {file = "pyside6-6.9.3-cp39-abi3-macosx_12_0_universal2.whl", hash = "sha256:6fd9fbbc14e2a5707df611bfacbf3f71283c637b8a29b28708801eeb28bfcb69"},
    {file = "pyside6-6.9.3-cp39-abi3-manylinux_2_28_x86_64.whl", hash = "sha256:6485aebec8eba4e55d1ec1cebe68ca1413589880cc8ccd8a49acae852ec6cfb3"},
    {file = "pyside6-6.9.3-cp39-abi3-manylinux_2_39_aarch64.whl", hash = "sha256:8f4ff61b24a64153373b68a96339bd765fc010d02c4d98d0f6dba2a6c9686e11"},
    {file = "pyside6-6.9.3-cp39-abi3-win_amd64.whl", hash = "sha256:71b41b9ebd1c044c3777f2b32278d3919f07bda4f15c504bc165b643bc3cec01"},
    {file = "pyside6-6.9.3-cp39-abi3-win_arm64.whl", hash = "sha256:33fb70addd02e1adaa45573485c431bca43cf12bb7b2596535b824ff169138ce"},
]

[package.dependencies]
PySide6_Addons = "6.9.3"
PySide6_Essentials = "6.9.3"
shiboken6 = "6.9.3"

[[package]]
name = "pyside6-addons"
version = "6.9.3"
description = "Python bindings for the Qt cross-platform application and UI framework (Addons)"
optional = false
python-versions = "<3.14,>=3.9"
groups = ["main"]
files = [
    {file = "pyside6_addons-6.9.3-cp39-abi3-macosx_12_0_universal2.whl", hash = "sha256:189c9a9a2fdaffa95e91731f5c0afdc47ba231f5f683d3f8977b22c233749ba4"},
    {file = "pyside6_addons-6.9.3-cp39-abi3-manylinux_2_28_x86_64.whl", hash = "sha256:68932327e1c33d729d79b2b94242f97b77601efe0427e757cd3fd588939ea479"},
    {file = "pyside6_addons-6.9.3-cp39-abi3-manylinux_2_39_aarch64.whl", hash = "sha256:61f4f4859bd1711eea2202fe364a701597140ed4f3900ddf1f90d91ae631fdf9"},
    {file = "pyside6_addons-6.9.3-cp39-abi3-win_amd64.whl", hash = "sha256:0aece2a81ccf16ef9b750b09601b6876aa116bbc700e848ce82df42906f04c5c"},
    {file = "pyside6_addons-6.9.3-cp39-abi3-win_arm64.whl", hash = "sha256:3b8749c9c2b297f53c980192e89ce38ac59019f290a2669fe1abb3128f9a09d9"},
]

[package.dependencies]
PySide6_Essentials = "6.9.3"
shiboken6 = "6.9.3"

[[package]]
name = "pyside6-essentials"
version = "6.9.3"
description = "Python bindings for the Qt cross-platform application and UI framework (Essentials)"
optional = false
python-versions = "<3.14,>=3.9"
groups = ["main"]
files = [
    {file = "pyside6_essentials-6.9.3-cp39-abi3-macosx_12_0_universal2.whl", hash = "sha256:ad3664ff0ced9f92ed7872e512c86328894d29f262e6c3400400232a36dda357"},
    {file = "pyside6_essentials-6.9.3-cp39-abi3-manylinux_2_28_x86_64.whl", hash = "sha256:c70d5544e892b201a677b615156fab6a0fef865e7fc287f55a0eae00a682e83f"},
    {file = "pyside6_essentials-6.9.3-cp39-abi3-manylinux_2_39_aarch64.whl", hash = "sha256:e22e517c592657e291c0cbe7d04078ab415cb225188d7e895f8f7adcdba755d2"},
    {file = "pyside6_essentials-6.9.3-cp39-abi3-win_amd64.whl", hash = "sha256:21f98077c135864473089e59a6a0bd828e64c6644b3dd7267b102da4a2ee8f21"},
    {file = "pyside6_essentials-6.9.3-cp39-abi3-win_arm64.whl", hash = "sha256:2e34081933e005686d79265cc04370a28fea3844ab63d432e493adcd4465070c"},
]

[package.dependencies]
shiboken6 = "6.9.3"

[[package]]
name = "python-dotenv"
version = "1.1.1"
description = "Read key-value pairs from a .env file and set them as environment variables"
optional = false
python-versions = ">=3.9"
groups = ["main"]
files = [
    {file = "python_dotenv-1.1.1-py3-none-any.whl", hash = "sha256:31f23644fe2602f88ff55e1f5c79ba497e01224ee7737937930c448e4d0e24dc"},
    {file = "python_dotenv-1.1.1.tar.gz", hash = "sha256:a8a6399716257f45be6a007360200409fce5cda2661e3dec71d23dc15f6189ab"},
]

[package.extras]
cli = ["click (>=5.0)"]

[[package]]
name = "scipy"
version = "1.16.2"
description = "Fundamental algorithms for scientific computing in Python"
optional = false
python-versions = ">=3.11"
groups = ["main"]
files = [
    {file = "scipy-1.16.2-cp311-cp311-macosx_10_14_x86_64.whl", hash = "sha256:6ab88ea43a57da1af33292ebd04b417e8e2eaf9d5aa05700be8d6e1b6501cd92"},
    {file = "scipy-1.16.2-cp311-cp311-macosx_12_0_arm64.whl", hash = "sha256:c95e96c7305c96ede73a7389f46ccd6c659c4da5ef1b2789466baeaed3622b6e"},
    {file = "scipy-1.16.2-cp311-cp311-macosx_14_0_arm64.whl", hash = "sha256:87eb178db04ece7c698220d523c170125dbffebb7af0345e66c3554f6f60c173"},
    {file = "scipy-1.16.2-cp311-cp311-macosx_14_0_x86_64.whl", hash = "sha256:4e409eac067dcee96a57fbcf424c13f428037827ec7ee3cb671ff525ca4fc34d"},
    {file = "scipy-1.16.2-cp311-cp311-manylinux2014_aarch64.manylinux_2_17_aarch64.whl", hash = "sha256:e574be127bb760f0dad24ff6e217c80213d153058372362ccb9555a10fc5e8d2"},
    {file = "scipy-1.16.2-cp311-cp311-manylinux2014_x86_64.manylinux_2_17_x86_64.whl", hash = "sha256:f5db5ba6188d698ba7abab982ad6973265b74bb40a1efe1821b58c87f73892b9"},
    {file = "scipy-1.16.2-cp311-cp311-musllinux_1_2_aarch64.whl", hash = "sha256:ec6e74c4e884104ae006d34110677bfe0098203a3fec2f3faf349f4cb05165e3"},
    {file = "scipy-1.16.2-cp311-cp311-musllinux_1_2_x86_64.whl", hash = "sha256:912f46667d2d3834bc3d57361f854226475f695eb08c08a904aadb1c936b6a88"},
    {file = "scipy-1.16.2-cp311-cp311-win_amd64.whl", hash = "sha256:91e9e8a37befa5a69e9cacbe0bcb79ae5afb4a0b130fd6db6ee6cc0d491695fa"},
    {file = "scipy-1.16.2-cp311-cp311-win_arm64.whl", hash = "sha256:f3bf75a6dcecab62afde4d1f973f1692be013110cad5338007927db8da73249c"},
    {file = "scipy-1.16.2-cp312-cp312-macosx_10_14_x86_64.whl", hash = "sha256:89d6c100fa5c48472047632e06f0876b3c4931aac1f4291afc81a3644316bb0d"},
    {file = "scipy-1.16.2-cp312-cp312-macosx_12_0_arm64.whl", hash = "sha256:ca748936cd579d3f01928b30a17dc474550b01272d8046e3e1ee593f23620371"},
    {file = "scipy-1.16.2-cp312-cp312-macosx_14_0_arm64.whl", hash = "sha256:fac4f8ce2ddb40e2e3d0f7ec36d2a1e7f92559a2471e59aec37bd8d9de01fec0"},
    {file = "scipy-1.16.2-cp312-cp312-macosx_14_0_x86_64.whl", hash = "sha256:033570f1dcefd79547a88e18bccacff025c8c647a330381064f561d43b821232"},
    {file = "scipy-1.16.2-cp312-cp312-manylinux2014_aarch64.manylinux_2_17_aarch64.whl", hash = "sha256:ea3421209bf00c8a5ef2227de496601087d8f638a2363ee09af059bd70976dc1"},
    {file = "scipy-1.16.2-cp312-cp312-manylinux2014_x86_64.manylinux_2_17_x86_64.whl", hash = "sha256:f66bd07ba6f84cd4a380b41d1bf3c59ea488b590a2ff96744845163309ee8e2f"},
    {file = "scipy-1.16.2-cp312-cp312-musllinux_1_2_aarch64.whl", hash = "sha256:5e9feab931bd2aea4a23388c962df6468af3d808ddf2d40f94a81c5dc38f32ef"},
    {file = "scipy-1.16.2-cp312-cp312-musllinux_1_2_x86_64.whl", hash = "sha256:03dfc75e52f72cf23ec2ced468645321407faad8f0fe7b1f5b49264adbc29cb1"},
    {file = "scipy-1.16.2-cp312-cp312-win_amd64.whl", hash = "sha256:0ce54e07bbb394b417457409a64fd015be623f36e330ac49306433ffe04bc97e"},
    {file = "scipy-1.16.2-cp312-cp312-win_arm64.whl", hash = "sha256:2a8ffaa4ac0df81a0b94577b18ee079f13fecdb924df3328fc44a7dc5ac46851"},
    {file = "scipy-1.16.2-cp313-cp313-macosx_10_14_x86_64.whl", hash = "sha256:84f7bf944b43e20b8a894f5fe593976926744f6c185bacfcbdfbb62736b5cc70"},
    {file = "scipy-1.16.2-cp313-cp313-macosx_12_0_arm64.whl", hash = "sha256:5c39026d12edc826a1ef2ad35ad1e6d7f087f934bb868fc43fa3049c8b8508f9"},
    {file = "scipy-1.16.2-cp313-cp313-macosx_14_0_arm64.whl", hash = "sha256:e52729ffd45b68777c5319560014d6fd251294200625d9d70fd8626516fc49f5"},
    {file = "scipy-1.16.2-cp313-cp313-macosx_14_0_x86_64.whl", hash = "sha256:024dd4a118cccec09ca3209b7e8e614931a6ffb804b2a601839499cb88bdf925"},
    {file = "scipy-1.16.2-cp313-cp313-manylinux2014_aarch64.manylinux_2_17_aarch64.whl", hash = "sha256:7a5dc7ee9c33019973a470556081b0fd3c9f4c44019191039f9769183141a4d9"},
    {file = "scipy-1.16.2-cp313-cp313-manylinux2014_x86_64.manylinux_2_17_x86_64.whl", hash = "sha256:c2275ff105e508942f99d4e3bc56b6ef5e4b3c0af970386ca56b777608ce95b7"},
    {file = "scipy-1.16.2-cp313-cp313-musllinux_1_2_aarch64.whl", hash = "sha256:af80196eaa84f033e48444d2e0786ec47d328ba00c71e4299b602235ffef9acb"},
    {file = "scipy-1.16.2-cp313-cp313-musllinux_1_2_x86_64.whl", hash = "sha256:9fb1eb735fe3d6ed1f89918224e3385fbf6f9e23757cacc35f9c78d3b712dd6e"},
    {file = "scipy-1.16.2-cp313-cp313-win_amd64.whl", hash = "sha256:fda714cf45ba43c9d3bae8f2585c777f64e3f89a2e073b668b32ede412d8f52c"},
    {file = "scipy-1.16.2-cp313-cp313-win_arm64.whl", hash = "sha256:2f5350da923ccfd0b00e07c3e5cfb316c1c0d6c1d864c07a72d092e9f20db104"},
    {file = "scipy-1.16.2-cp313-cp313t-macosx_10_14_x86_64.whl", hash = "sha256:53d8d2ee29b925344c13bda64ab51785f016b1b9617849dac10897f0701b20c1"},
    {file = "scipy-1.16.2-cp313-cp313t-macosx_12_0_arm64.whl", hash = "sha256:9e05e33657efb4c6a9d23bd8300101536abd99c85cca82da0bffff8d8764d08a"},
    {file = "scipy-1.16.2-cp313-cp313t-macosx_14_0_arm64.whl", hash = "sha256:7fe65b36036357003b3ef9d37547abeefaa353b237e989c21027b8ed62b12d4f"},
    {file = "scipy-1.16.2-cp313-cp313t-macosx_14_0_x86_64.whl", hash = "sha256:6406d2ac6d40b861cccf57f49592f9779071655e9f75cd4f977fa0bdd09cb2e4"},
    {file = "scipy-1.16.2-cp313-cp313t-manylinux2014_aarch64.manylinux_2_17_aarch64.whl", hash = "sha256:ff4dc42bd321991fbf611c23fc35912d690f731c9914bf3af8f417e64aca0f21"},
    {file = "scipy-1.16.2-cp313-cp313t-manylinux2014_x86_64.manylinux_2_17_x86_64.whl", hash = "sha256:654324826654d4d9133e10675325708fb954bc84dae6e9ad0a52e75c6b1a01d7"},
    {file = "scipy-1.16.2-cp313-cp313t-musllinux_1_2_aarch64.whl", hash = "sha256:63870a84cd15c44e65220eaed2dac0e8f8b26bbb991456a033c1d9abfe8a94f8"},
    {file = "scipy-1.16.2-cp313-cp313t-musllinux_1_2_x86_64.whl", hash = "sha256:fa01f0f6a3050fa6a9771a95d5faccc8e2f5a92b4a2e5440a0fa7264a2398472"},
    {file = "scipy-1.16.2-cp313-cp313t-win_amd64.whl", hash = "sha256:116296e89fba96f76353a8579820c2512f6e55835d3fad7780fece04367de351"},
    {file = "scipy-1.16.2-cp313-cp313t-win_arm64.whl", hash = "sha256:98e22834650be81d42982360382b43b17f7ba95e0e6993e2a4f5b9ad9283a94d"},
    {file = "scipy-1.16.2-cp314-cp314-macosx_10_14_x86_64.whl", hash = "sha256:567e77755019bb7461513c87f02bb73fb65b11f049aaaa8ca17cfaa5a5c45d77"},
    {file = "scipy-1.16.2-cp314-cp314-macosx_12_0_arm64.whl", hash = "sha256:17d9bb346194e8967296621208fcdfd39b55498ef7d2f376884d5ac47cec1a70"},
    {file = "scipy-1.16.2-cp314-cp314-macosx_14_0_arm64.whl", hash = "sha256:0a17541827a9b78b777d33b623a6dcfe2ef4a25806204d08ead0768f4e529a88"},
    {file = "scipy-1.16.2-cp314-cp314-macosx_14_0_x86_64.whl", hash = "sha256:d7d4c6ba016ffc0f9568d012f5f1eb77ddd99412aea121e6fa8b4c3b7cbad91f"},
    {file = "scipy-1.16.2-cp314-cp314-manylinux2014_aarch64.manylinux_2_17_aarch64.whl", hash = "sha256:9702c4c023227785c779cba2e1d6f7635dbb5b2e0936cdd3a4ecb98d78fd41eb"},
    {file = "scipy-1.16.2-cp314-cp314-manylinux2014_x86_64.manylinux_2_17_x86_64.whl", hash = "sha256:d1cdf0ac28948d225decdefcc45ad7dd91716c29ab56ef32f8e0d50657dffcc7"},
    {file = "scipy-1.16.2-cp314-cp314-musllinux_1_2_aarch64.whl", hash = "sha256:70327d6aa572a17c2941cdfb20673f82e536e91850a2e4cb0c5b858b690e1548"},
    {file = "scipy-1.16.2-cp314-cp314-musllinux_1_2_x86_64.whl", hash = "sha256:5221c0b2a4b58aa7c4ed0387d360fd90ee9086d383bb34d9f2789fafddc8a936"},
    {file = "scipy-1.16.2-cp314-cp314-win_amd64.whl", hash = "sha256:f5a85d7b2b708025af08f060a496dd261055b617d776fc05a1a1cc69e09fe9ff"},
    {file = "scipy-1.16.2-cp314-cp314-win_arm64.whl", hash = "sha256:2cc73a33305b4b24556957d5857d6253ce1e2dcd67fa0ff46d87d1670b3e1e1d"},
    {file = "scipy-1.16.2-cp314-cp314t-macosx_10_14_x86_64.whl", hash = "sha256:9ea2a3fed83065d77367775d689401a703d0f697420719ee10c0780bcab594d8"},
    {file = "scipy-1.16.2-cp314-cp314t-macosx_12_0_arm64.whl", hash = "sha256:7280d926f11ca945c3ef92ba960fa924e1465f8d07ce3a9923080363390624c4"},
    {file = "scipy-1.16.2-cp314-cp314t-macosx_14_0_arm64.whl", hash = "sha256:8afae1756f6a1fe04636407ef7dbece33d826a5d462b74f3d0eb82deabefd831"},
    {file = "scipy-1.16.2-cp314-cp314t-macosx_14_0_x86_64.whl", hash = "sha256:5c66511f29aa8d233388e7416a3f20d5cae7a2744d5cee2ecd38c081f4e861b3"},
    {file = "scipy-1.16.2-cp314-cp314t-manylinux2014_aarch64.manylinux_2_17_aarch64.whl", hash = "sha256:efe6305aeaa0e96b0ccca5ff647a43737d9a092064a3894e46c414db84bc54ac"},
    {file = "scipy-1.16.2-cp314-cp314t-manylinux2014_x86_64.manylinux_2_17_x86_64.whl", hash = "sha256:7f3a337d9ae06a1e8d655ee9d8ecb835ea5ddcdcbd8d23012afa055ab014f374"},
    {file = "scipy-1.16.2-cp314-cp314t-musllinux_1_2_aarch64.whl", hash = "sha256:bab3605795d269067d8ce78a910220262711b753de8913d3deeaedb5dded3bb6"},
    {file = "scipy-1.16.2-cp314-cp314t-musllinux_1_2_x86_64.whl", hash = "sha256:b0348d8ddb55be2a844c518cd8cc8deeeb8aeba707cf834db5758fc89b476a2c"},
    {file = "scipy-1.16.2-cp314-cp314t-win_amd64.whl", hash = "sha256:26284797e38b8a75e14ea6631d29bda11e76ceaa6ddb6fdebbfe4c4d90faf2f9"},
    {file = "scipy-1.16.2-cp314-cp314t-win_arm64.whl", hash = "sha256:d2a4472c231328d4de38d5f1f68fdd6d28a615138f842580a8a321b5845cf779"},
    {file = "scipy-1.16.2.tar.gz", hash = "sha256:af029b153d243a80afb6eabe40b0a07f8e35c9adc269c019f364ad747f826a6b"},
]

[package.dependencies]
numpy = ">=1.25.2,<2.6"

[package.extras]
dev = ["cython-lint (>=0.12.2)", "doit (>=0.36.0)", "mypy (==1.10.0)", "pycodestyle", "pydevtool", "rich-click", "ruff (>=0.0.292)", "types-psutil", "typing_extensions"]
doc = ["intersphinx_registry", "jupyterlite-pyodide-kernel", "jupyterlite-sphinx (>=0.19.1)", "jupytext", "linkify-it-py", "matplotlib (>=3.5)", "myst-nb (>=1.2.0)", "numpydoc", "pooch", "pydata-sphinx-theme (>=0.15.2)", "sphinx (>=5.0.0,<8.2.0)", "sphinx-copybutton", "sphinx-design (>=0.4.0)"]
test = ["Cython", "array-api-strict (>=2.3.1)", "asv", "gmpy2", "hypothesis (>=6.30)", "meson", "mpmath", "ninja ; sys_platform != \"emscripten\"", "pooch", "pytest (>=8.0.0)", "pytest-cov", "pytest-timeout", "pytest-xdist", "scikit-umfpack", "threadpoolctl"]

[[package]]
name = "setuptools"
version = "80.9.0"
description = "Easily download, build, install, upgrade, and uninstall Python packages"
optional = false
python-versions = ">=3.9"
groups = ["main"]
files = [
    {file = "setuptools-80.9.0-py3-none-any.whl", hash = "sha256:062d34222ad13e0cc312a4c02d73f059e86a4acbfbdea8f8f76b28c99f306922"},
    {file = "setuptools-80.9.0.tar.gz", hash = "sha256:f36b47402ecde768dbfafc46e8e4207b4360c654f1f3bb84475f0a28628fb19c"},
]

[package.extras]
check = ["pytest-checkdocs (>=2.4)", "pytest-ruff (>=0.2.1) ; sys_platform != \"cygwin\"", "ruff (>=0.8.0) ; sys_platform != \"cygwin\""]
core = ["importlib_metadata (>=6) ; python_version < \"3.10\"", "jaraco.functools (>=4)", "jaraco.text (>=3.7)", "more_itertools", "more_itertools (>=8.8)", "packaging (>=24.2)", "platformdirs (>=4.2.2)", "tomli (>=2.0.1) ; python_version < \"3.11\"", "wheel (>=0.43.0)"]
cover = ["pytest-cov"]
doc = ["furo", "jaraco.packaging (>=9.3)", "jaraco.tidelift (>=1.4)", "pygments-github-lexers (==0.0.5)", "pyproject-hooks (!=1.1)", "rst.linker (>=1.9)", "sphinx (>=3.5)", "sphinx-favicon", "sphinx-inline-tabs", "sphinx-lint", "sphinx-notfound-page (>=1,<2)", "sphinx-reredirects", "sphinxcontrib-towncrier", "towncrier (<24.7)"]
enabler = ["pytest-enabler (>=2.2)"]
test = ["build[virtualenv] (>=1.0.3)", "filelock (>=3.4.0)", "ini2toml[lite] (>=0.14)", "jaraco.develop (>=7.21) ; python_version >= \"3.9\" and sys_platform != \"cygwin\"", "jaraco.envs (>=2.2)", "jaraco.path (>=3.7.2)", "jaraco.test (>=5.5)", "packaging (>=24.2)", "pip (>=19.1)", "pyproject-hooks (!=1.1)", "pytest (>=6,!=8.1.*)", "pytest-home (>=0.5)", "pytest-perf ; sys_platform != \"cygwin\"", "pytest-subprocess", "pytest-timeout", "pytest-xdist (>=3)", "tomli-w (>=1.0.0)", "virtualenv (>=13.0.0)", "wheel (>=0.44.0)"]
type = ["importlib_metadata (>=7.0.2) ; python_version < \"3.10\"", "jaraco.develop (>=7.21) ; sys_platform != \"cygwin\"", "mypy (==1.14.*)", "pytest-mypy"]

[[package]]
name = "shiboken6"
version = "6.9.3"
description = "Python/C++ bindings helper module"
optional = false
python-versions = "<3.14,>=3.9"
groups = ["main"]
files = [
    {file = "shiboken6-6.9.3-cp39-abi3-macosx_12_0_universal2.whl", hash = "sha256:e9b240828790b8e21a50e66449a5aa8b99f9b8a538c80c1a325fa04f8364985e"},
    {file = "shiboken6-6.9.3-cp39-abi3-manylinux_2_28_x86_64.whl", hash = "sha256:f3f5337a3a8fc660ba1462265bd9a2bdda9588f8d90fbc3d5ac4ce3134c11e59"},
    {file = "shiboken6-6.9.3-cp39-abi3-manylinux_2_39_aarch64.whl", hash = "sha256:f66e82510e3a3170a42e3ef865329559b69811ce83102ad1ee57920319427c10"},
    {file = "shiboken6-6.9.3-cp39-abi3-win_amd64.whl", hash = "sha256:f1498176d2d5bcade7d662e1fc5143980fb008b6c78b966289d29a4ae86cd0c6"},
    {file = "shiboken6-6.9.3-cp39-abi3-win_arm64.whl", hash = "sha256:0c87bcfd483a1980794e03cf5ec6b2061691a1b075f92b78edb0d13847139ecf"},
]

[[package]]
name = "sip"
version = "6.12.0"
description = "A Python bindings generator for C/C++ libraries"
optional = false
python-versions = ">=3.9"
groups = ["main"]
files = [
    {file = "sip-6.12.0-py3-none-any.whl", hash = "sha256:3f9b5d1dcd7f02d72e425fdae57299b6df31d6fb321be43ca4d0ba3ed3cd88c3"},
    {file = "sip-6.12.0.tar.gz", hash = "sha256:083ced94f85315493231119a63970b2ba42b1d38b38e730a70e02a99191a89c6"},
]

[package.dependencies]
packaging = ">=24.2"
setuptools = ">=75.8.1"

[[package]]
name = "trimesh"
version = "4.8.3"
description = "Import, export, process, analyze and view triangular meshes."
optional = false
python-versions = ">=3.8"
groups = ["main"]
files = [
    {file = "trimesh-4.8.3-py3-none-any.whl", hash = "sha256:f9f1622ecac5f3bed5b65d3a748bb536481f52cd4e4e120e0b637cabe6cf1542"},
    {file = "trimesh-4.8.3.tar.gz", hash = "sha256:d2a1974efccb0737a1faac14d69740c644bb6738a99c790c1df752fe72c2a759"},
]

[package.dependencies]
numpy = ">=1.20"

[package.extras]
all = ["trimesh[deprecated,easy,recommend,test,test-more]"]
deprecated = ["openctm"]
easy = ["charset-normalizer", "colorlog", "embreex ; platform_machine == \"x86_64\"", "httpx", "jsonschema", "lxml", "manifold3d (>=2.3.0)", "mapbox_earcut (>=1.0.2) ; python_version >= \"3.9\"", "networkx", "pillow", "pycollada (<=0.9.0) ; python_version < \"3.9\"", "pycollada ; python_version >= \"3.9\"", "rtree", "scipy", "shapely", "svg.path", "vhacdx ; python_version >= \"3.9\"", "xxhash"]
recommend = ["cascadio", "fast-simplification", "meshio", "psutil", "pyglet (<2)", "python-fcl", "scikit-image", "sympy"]
test = ["pyinstrument", "pytest", "pytest-cov", "ruff"]
test-more = ["coveralls", "ezdxf", "ipython", "marimo", "matplotlib", "pymeshlab", "pytest-beartype ; python_version >= \"3.10\"", "triangle", "xatlas"]

[metadata]
lock-version = "2.1"
python-versions = ">=3.11, <3.13"
content-hash = "689be5c0f03a889216894a7bfb4c10b2780fc86cb5587faaae8416bda7063b93"
